
Microsoft Visual Studio Solution File, Format Version 12.00
# Visual Studio Version 17
VisualStudioVersion = 17.11.35312.102
MinimumVisualStudioVersion = 10.0.40219.1
Project("{FAE04EC0-301F-11D3-BF4B-00C04F79EFBC}") = "StatuBar_JAGS.Android", "StatuBar_JAGS\StatuBar_JAGS.Android\StatuBar_JAGS.Android.csproj", "{8415A36D-742E-4D9A-B263-98FA1F6F0733}"
EndProject
Project("{FAE04EC0-301F-11D3-BF4B-00C04F79EFBC}") = "StatuBar_JAGS.iOS", "StatuBar_JAGS\StatuBar_JAGS.iOS\StatuBar_JAGS.iOS.csproj", "{34BF703B-EB48-4CAA-B696-DE870820D89B}"
EndProject
Project("{FAE04EC0-301F-11D3-BF4B-00C04F79EFBC}") = "StatuBar_JAGS", "StatuBar_JAGS\StatuBar_JAGS\StatuBar_JAGS.csproj", "{B2584622-383F-4AD0-BC4C-1A0B5C8C887F}"
EndProject
Global
	GlobalSection(SolutionConfigurationPlatforms) = preSolution
		Debug|Any CPU = Debug|Any CPU
		Debug|iPhone = Debug|iPhone
		Debug|iPhoneSimulator = Debug|iPhoneSimulator
		Release|Any CPU = Release|Any CPU
		Release|iPhone = Release|iPhone
		Release|iPhoneSimulator = Release|iPhoneSimulator
	EndGlobalSection
	GlobalSection(ProjectConfigurationPlatforms) = postSolution
		{8415A36D-742E-4D9A-B263-98FA1F6F0733}.Debug|Any CPU.ActiveCfg = Debug|Any CPU
		{8415A36D-742E-4D9A-B263-98FA1F6F0733}.Debug|Any CPU.Build.0 = Debug|Any CPU
		{8415A36D-742E-4D9A-B263-98FA1F6F0733}.Debug|Any CPU.Deploy.0 = Debug|Any CPU
		{8415A36D-742E-4D9A-B263-98FA1F6F0733}.Debug|iPhone.ActiveCfg = Debug|Any CPU
		{8415A36D-742E-4D9A-B263-98FA1F6F0733}.Debug|iPhone.Build.0 = Debug|Any CPU
		{8415A36D-742E-4D9A-B263-98FA1F6F0733}.Debug|iPhone.Deploy.0 = Debug|Any CPU
		{8415A36D-742E-4D9A-B263-98FA1F6F0733}.Debug|iPhoneSimulator.ActiveCfg = Debug|Any CPU
		{8415A36D-742E-4D9A-B263-98FA1F6F0733}.Debug|iPhoneSimulator.Build.0 = Debug|Any CPU
		{8415A36D-742E-4D9A-B263-98FA1F6F0733}.Debug|iPhoneSimulator.Deploy.0 = Debug|Any CPU
		{8415A36D-742E-4D9A-B263-98FA1F6F0733}.Release|Any CPU.ActiveCfg = Release|Any CPU
		{8415A36D-742E-4D9A-B263-98FA1F6F0733}.Release|Any CPU.Build.0 = Release|Any CPU
		{8415A36D-742E-4D9A-B263-98FA1F6F0733}.Release|Any CPU.Deploy.0 = Release|Any CPU
		{8415A36D-742E-4D9A-B263-98FA1F6F0733}.Release|iPhone.ActiveCfg = Release|Any CPU
		{8415A36D-742E-4D9A-B263-98FA1F6F0733}.Release|iPhone.Build.0 = Release|Any CPU
		{8415A36D-742E-4D9A-B263-98FA1F6F0733}.Release|iPhone.Deploy.0 = Release|Any CPU
		{8415A36D-742E-4D9A-B263-98FA1F6F0733}.Release|iPhoneSimulator.ActiveCfg = Release|Any CPU
		{8415A36D-742E-4D9A-B263-98FA1F6F0733}.Release|iPhoneSimulator.Build.0 = Release|Any CPU
		{8415A36D-742E-4D9A-B263-98FA1F6F0733}.Release|iPhoneSimulator.Deploy.0 = Release|Any CPU
		{34BF703B-EB48-4CAA-B696-DE870820D89B}.Debug|Any CPU.ActiveCfg = Debug|iPhone
		{34BF703B-EB48-4CAA-B696-DE870820D89B}.Debug|Any CPU.Build.0 = Debug|iPhone
		{34BF703B-EB48-4CAA-B696-DE870820D89B}.Debug|Any CPU.Deploy.0 = Debug|iPhone
		{34BF703B-EB48-4CAA-B696-DE870820D89B}.Debug|iPhone.ActiveCfg = Debug|iPhone
		{34BF703B-EB48-4CAA-B696-DE870820D89B}.Debug|iPhone.Build.0 = Debug|iPhone
		{34BF703B-EB48-4CAA-B696-DE870820D89B}.Debug|iPhone.Deploy.0 = Debug|iPhone
		{34BF703B-EB48-4CAA-B696-DE870820D89B}.Debug|iPhoneSimulator.ActiveCfg = Debug|iPhoneSimulator
		{34BF703B-EB48-4CAA-B696-DE870820D89B}.Debug|iPhoneSimulator.Build.0 = Debug|iPhoneSimulator
		{34BF703B-EB48-4CAA-B696-DE870820D89B}.Debug|iPhoneSimulator.Deploy.0 = Debug|iPhoneSimulator
		{34BF703B-EB48-4CAA-B696-DE870820D89B}.Release|Any CPU.ActiveCfg = Release|iPhoneSimulator
		{34BF703B-EB48-4CAA-B696-DE870820D89B}.Release|Any CPU.Build.0 = Release|iPhoneSimulator
		{34BF703B-EB48-4CAA-B696-DE870820D89B}.Release|Any CPU.Deploy.0 = Release|iPhoneSimulator
		{34BF703B-EB48-4CAA-B696-DE870820D89B}.Release|iPhone.ActiveCfg = Release|iPhone
		{34BF703B-EB48-4CAA-B696-DE870820D89B}.Release|iPhone.Build.0 = Release|iPhone
		{34BF703B-EB48-4CAA-B696-DE870820D89B}.Release|iPhone.Deploy.0 = Release|iPhone
		{34BF703B-EB48-4CAA-B696-DE870820D89B}.Release|iPhoneSimulator.ActiveCfg = Release|iPhoneSimulator
		{34BF703B-EB48-4CAA-B696-DE870820D89B}.Release|iPhoneSimulator.Build.0 = Release|iPhoneSimulator
		{34BF703B-EB48-4CAA-B696-DE870820D89B}.Release|iPhoneSimulator.Deploy.0 = Release|iPhoneSimulator
		{B2584622-383F-4AD0-BC4C-1A0B5C8C887F}.Debug|Any CPU.ActiveCfg = Debug|Any CPU
		{B2584622-383F-4AD0-BC4C-1A0B5C8C887F}.Debug|Any CPU.Build.0 = Debug|Any CPU
		{B2584622-383F-4AD0-BC4C-1A0B5C8C887F}.Debug|Any CPU.Deploy.0 = Debug|Any CPU
		{B2584622-383F-4AD0-BC4C-1A0B5C8C887F}.Debug|iPhone.ActiveCfg = Debug|Any CPU
		{B2584622-383F-4AD0-BC4C-1A0B5C8C887F}.Debug|iPhone.Build.0 = Debug|Any CPU
		{B2584622-383F-4AD0-BC4C-1A0B5C8C887F}.Debug|iPhone.Deploy.0 = Debug|Any CPU
		{B2584622-383F-4AD0-BC4C-1A0B5C8C887F}.Debug|iPhoneSimulator.ActiveCfg = Debug|Any CPU
		{B2584622-383F-4AD0-BC4C-1A0B5C8C887F}.Debug|iPhoneSimulator.Build.0 = Debug|Any CPU
		{B2584622-383F-4AD0-BC4C-1A0B5C8C887F}.Debug|iPhoneSimulator.Deploy.0 = Debug|Any CPU
		{B2584622-383F-4AD0-BC4C-1A0B5C8C887F}.Release|Any CPU.ActiveCfg = Release|Any CPU
		{B2584622-383F-4AD0-BC4C-1A0B5C8C887F}.Release|Any CPU.Build.0 = Release|Any CPU
		{B2584622-383F-4AD0-BC4C-1A0B5C8C887F}.Release|Any CPU.Deploy.0 = Release|Any CPU
		{B2584622-383F-4AD0-BC4C-1A0B5C8C887F}.Release|iPhone.ActiveCfg = Release|Any CPU
		{B2584622-383F-4AD0-BC4C-1A0B5C8C887F}.Release|iPhone.Build.0 = Release|Any CPU
		{B2584622-383F-4AD0-BC4C-1A0B5C8C887F}.Release|iPhone.Deploy.0 = Release|Any CPU
		{B2584622-383F-4AD0-BC4C-1A0B5C8C887F}.Release|iPhoneSimulator.ActiveCfg = Release|Any CPU
		{B2584622-383F-4AD0-BC4C-1A0B5C8C887F}.Release|iPhoneSimulator.Build.0 = Release|Any CPU
		{B2584622-383F-4AD0-BC4C-1A0B5C8C887F}.Release|iPhoneSimulator.Deploy.0 = Release|Any CPU
	EndGlobalSection
	GlobalSection(SolutionProperties) = preSolution
		HideSolutionNode = FALSE
	EndGlobalSection
	GlobalSection(ExtensibilityGlobals) = postSolution
		SolutionGuid = {6D37B58D-CED8-43C7-A508-ED7004720F73}
	EndGlobalSection
EndGlobal
